
Microsoft Visual Studio Solution File, Format Version 11.00
# Visual Studio 2010
Project("{FAE04EC0-301F-11D3-BF4B-00C04F79EFBC}") = "Tehillim", "Tehillim.csproj", "{774F3AC7-7AAC-4AA7-80A9-9D0BB577E80C}"
EndProject
Global
	GlobalSection(SolutionConfigurationPlatforms) = preSolution
		Debug|x86 = Debug|x86
		Release|x86 = Release|x86
	EndGlobalSection
	GlobalSection(ProjectConfigurationPlatforms) = postSolution
		{774F3AC7-7AAC-4AA7-80A9-9D0BB577E80C}.Debug|x86.ActiveCfg = Debug|x86
		{774F3AC7-7AAC-4AA7-80A9-9D0BB577E80C}.Debug|x86.Build.0 = Debug|x86
		{774F3AC7-7AAC-4AA7-80A9-9D0BB577E80C}.Release|x86.ActiveCfg = Release|x86
		{774F3AC7-7AAC-4AA7-80A9-9D0BB577E80C}.Release|x86.Build.0 = Release|x86
	EndGlobalSection
	GlobalSection(MonoDevelopProperties) = preSolution
		StartupItem = Tehillim.csproj
	EndGlobalSection
EndGlobal
